
Microsoft Visual Studio Solution File, Format Version 12.00
# Visual Studio Version 16
VisualStudioVersion = 16.0.30804.86
MinimumVisualStudioVersion = 10.0.40219.1
Project("{FAE04EC0-301F-11D3-BF4B-00C04F79EFBC}") = "RiseAppTestProject", "RiseAppTestProject.csproj", "{FC62442B-09CA-4BB1-9FBD-8E85332A8172}"
EndProject
Global
	GlobalSection(SolutionConfigurationPlatforms) = preSolution
		Debug|Any CPU = Debug|Any CPU
		Release|Any CPU = Release|Any CPU
	EndGlobalSection
	GlobalSection(ProjectConfigurationPlatforms) = postSolution
		{FC62442B-09CA-4BB1-9FBD-8E85332A8172}.Debug|Any CPU.ActiveCfg = Debug|Any CPU
		{FC62442B-09CA-4BB1-9FBD-8E85332A8172}.Debug|Any CPU.Build.0 = Debug|Any CPU
		{FC62442B-09CA-4BB1-9FBD-8E85332A8172}.Release|Any CPU.ActiveCfg = Release|Any CPU
		{FC62442B-09CA-4BB1-9FBD-8E85332A8172}.Release|Any CPU.Build.0 = Release|Any CPU
	EndGlobalSection
	GlobalSection(SolutionProperties) = preSolution
		HideSolutionNode = FALSE
	EndGlobalSection
	GlobalSection(ExtensibilityGlobals) = postSolution
		SolutionGuid = {ED8FF1CB-1E8E-4708-ACB4-6F623C1F2656}
	EndGlobalSection
EndGlobal
